
Microsoft Visual Studio Solution File, Format Version 12.00
# Visual Studio Version 17
VisualStudioVersion = 17.8.34330.188
MinimumVisualStudioVersion = 10.0.40219.1
Project("{FAE04EC0-301F-11D3-BF4B-00C04F79EFBC}") = "Livraria.Domain", "Livraria.Domain\Livraria.Domain.csproj", "{4AECD749-9767-4BD2-AEAE-B21466BAE794}"
EndProject
Project("{FAE04EC0-301F-11D3-BF4B-00C04F79EFBC}") = "Livraria.Application", "Livraria.Application\Livraria.Application.csproj", "{FD2DE8CF-9115-4661-BCFC-28D63C298140}"
EndProject
Project("{FAE04EC0-301F-11D3-BF4B-00C04F79EFBC}") = "Livraria.CrossCutting", "Livraria.CrossCutting\Livraria.CrossCutting.csproj", "{3D5FDBE4-F304-498D-AB5E-9A951624E80E}"
EndProject
Project("{FAE04EC0-301F-11D3-BF4B-00C04F79EFBC}") = "Livraria.Infra", "Livraria.Infra\Livraria.Infra.csproj", "{9AA2B099-B238-482C-97B1-FA2541E6FF4A}"
EndProject
Project("{FAE04EC0-301F-11D3-BF4B-00C04F79EFBC}") = "Livraria.Blazor", "Livraria.Blazor\Livraria.Blazor.csproj", "{DF82F27A-CDAD-4757-A2DC-2B2B63061221}"
EndProject
Global
	GlobalSection(SolutionConfigurationPlatforms) = preSolution
		Debug|Any CPU = Debug|Any CPU
		Release|Any CPU = Release|Any CPU
	EndGlobalSection
	GlobalSection(ProjectConfigurationPlatforms) = postSolution
		{4AECD749-9767-4BD2-AEAE-B21466BAE794}.Debug|Any CPU.ActiveCfg = Debug|Any CPU
		{4AECD749-9767-4BD2-AEAE-B21466BAE794}.Debug|Any CPU.Build.0 = Debug|Any CPU
		{4AECD749-9767-4BD2-AEAE-B21466BAE794}.Release|Any CPU.ActiveCfg = Release|Any CPU
		{4AECD749-9767-4BD2-AEAE-B21466BAE794}.Release|Any CPU.Build.0 = Release|Any CPU
		{FD2DE8CF-9115-4661-BCFC-28D63C298140}.Debug|Any CPU.ActiveCfg = Debug|Any CPU
		{FD2DE8CF-9115-4661-BCFC-28D63C298140}.Debug|Any CPU.Build.0 = Debug|Any CPU
		{FD2DE8CF-9115-4661-BCFC-28D63C298140}.Release|Any CPU.ActiveCfg = Release|Any CPU
		{FD2DE8CF-9115-4661-BCFC-28D63C298140}.Release|Any CPU.Build.0 = Release|Any CPU
		{3D5FDBE4-F304-498D-AB5E-9A951624E80E}.Debug|Any CPU.ActiveCfg = Debug|Any CPU
		{3D5FDBE4-F304-498D-AB5E-9A951624E80E}.Debug|Any CPU.Build.0 = Debug|Any CPU
		{3D5FDBE4-F304-498D-AB5E-9A951624E80E}.Release|Any CPU.ActiveCfg = Release|Any CPU
		{3D5FDBE4-F304-498D-AB5E-9A951624E80E}.Release|Any CPU.Build.0 = Release|Any CPU
		{9AA2B099-B238-482C-97B1-FA2541E6FF4A}.Debug|Any CPU.ActiveCfg = Debug|Any CPU
		{9AA2B099-B238-482C-97B1-FA2541E6FF4A}.Debug|Any CPU.Build.0 = Debug|Any CPU
		{9AA2B099-B238-482C-97B1-FA2541E6FF4A}.Release|Any CPU.ActiveCfg = Release|Any CPU
		{9AA2B099-B238-482C-97B1-FA2541E6FF4A}.Release|Any CPU.Build.0 = Release|Any CPU
		{DF82F27A-CDAD-4757-A2DC-2B2B63061221}.Debug|Any CPU.ActiveCfg = Debug|Any CPU
		{DF82F27A-CDAD-4757-A2DC-2B2B63061221}.Debug|Any CPU.Build.0 = Debug|Any CPU
		{DF82F27A-CDAD-4757-A2DC-2B2B63061221}.Release|Any CPU.ActiveCfg = Release|Any CPU
		{DF82F27A-CDAD-4757-A2DC-2B2B63061221}.Release|Any CPU.Build.0 = Release|Any CPU
	EndGlobalSection
	GlobalSection(SolutionProperties) = preSolution
		HideSolutionNode = FALSE
	EndGlobalSection
	GlobalSection(ExtensibilityGlobals) = postSolution
		SolutionGuid = {8E2DDFAF-726B-4F89-810C-812097E4CD5A}
	EndGlobalSection
EndGlobal
